
Microsoft Visual Studio Solution File, Format Version 12.00
Project("{FAE04EC0-301F-11D3-BF4B-00C04F79EFBC}") = "Ghibili.Web", "Ghibili.Web\Ghibili.Web.csproj", "{CF8B9455-9B01-4511-A6F2-8C887901E1AB}"
EndProject
Project("{FAE04EC0-301F-11D3-BF4B-00C04F79EFBC}") = "Ghibili.Web.Tests", "Ghibili.Web.Tests\Ghibili.Web.Tests.csproj", "{116BD2BC-2CE5-4AC5-AE14-E9DF1364DB9D}"
EndProject
Global
	GlobalSection(SolutionConfigurationPlatforms) = preSolution
		Debug|Any CPU = Debug|Any CPU
		Release|Any CPU = Release|Any CPU
	EndGlobalSection
	GlobalSection(ProjectConfigurationPlatforms) = postSolution
		{CF8B9455-9B01-4511-A6F2-8C887901E1AB}.Debug|Any CPU.ActiveCfg = Debug|Any CPU
		{CF8B9455-9B01-4511-A6F2-8C887901E1AB}.Debug|Any CPU.Build.0 = Debug|Any CPU
		{CF8B9455-9B01-4511-A6F2-8C887901E1AB}.Release|Any CPU.ActiveCfg = Release|Any CPU
		{CF8B9455-9B01-4511-A6F2-8C887901E1AB}.Release|Any CPU.Build.0 = Release|Any CPU
		{116BD2BC-2CE5-4AC5-AE14-E9DF1364DB9D}.Debug|Any CPU.ActiveCfg = Debug|Any CPU
		{116BD2BC-2CE5-4AC5-AE14-E9DF1364DB9D}.Debug|Any CPU.Build.0 = Debug|Any CPU
		{116BD2BC-2CE5-4AC5-AE14-E9DF1364DB9D}.Release|Any CPU.ActiveCfg = Release|Any CPU
		{116BD2BC-2CE5-4AC5-AE14-E9DF1364DB9D}.Release|Any CPU.Build.0 = Release|Any CPU
	EndGlobalSection
EndGlobal
