
Microsoft Visual Studio Solution File, Format Version 12.00
Project("{FAE04EC0-301F-11D3-BF4B-00C04F79EFBC}") = "WebGhibiliMaker", "WebGhibiliMaker\WebGhibiliMaker.csproj", "{2EB3E2F9-8A29-4EE3-B6E5-40205AC131E6}"
EndProject
Project("{FAE04EC0-301F-11D3-BF4B-00C04F79EFBC}") = "WebGhibiliMaker.Tests", "WebGhibiliMaker.Tests\WebGhibiliMaker.Tests.csproj", "{19C8B554-CD6D-4CFF-B518-8973CC4A284B}"
EndProject
Global
	GlobalSection(SolutionConfigurationPlatforms) = preSolution
		Debug|Any CPU = Debug|Any CPU
		Release|Any CPU = Release|Any CPU
	EndGlobalSection
	GlobalSection(ProjectConfigurationPlatforms) = postSolution
		{2EB3E2F9-8A29-4EE3-B6E5-40205AC131E6}.Debug|Any CPU.ActiveCfg = Debug|Any CPU
		{2EB3E2F9-8A29-4EE3-B6E5-40205AC131E6}.Debug|Any CPU.Build.0 = Debug|Any CPU
		{2EB3E2F9-8A29-4EE3-B6E5-40205AC131E6}.Release|Any CPU.ActiveCfg = Release|Any CPU
		{2EB3E2F9-8A29-4EE3-B6E5-40205AC131E6}.Release|Any CPU.Build.0 = Release|Any CPU
		{19C8B554-CD6D-4CFF-B518-8973CC4A284B}.Debug|Any CPU.ActiveCfg = Debug|Any CPU
		{19C8B554-CD6D-4CFF-B518-8973CC4A284B}.Debug|Any CPU.Build.0 = Debug|Any CPU
		{19C8B554-CD6D-4CFF-B518-8973CC4A284B}.Release|Any CPU.ActiveCfg = Release|Any CPU
		{19C8B554-CD6D-4CFF-B518-8973CC4A284B}.Release|Any CPU.Build.0 = Release|Any CPU
	EndGlobalSection
EndGlobal
